
Microsoft Visual Studio Solution File, Format Version 12.00
# Visual Studio Version 17
VisualStudioVersion = 17.14.36202.13 d17.14
MinimumVisualStudioVersion = 10.0.40219.1
Project("{FAE04EC0-301F-11D3-BF4B-00C04F79EFBC}") = "RakingDeJogos", "SistemaRakingDeJogos\RakingDeJogos.csproj", "{64FD117F-93BF-46CE-8040-73B3AF942798}"
EndProject
Global
	GlobalSection(SolutionConfigurationPlatforms) = preSolution
		Debug|Any CPU = Debug|Any CPU
		Release|Any CPU = Release|Any CPU
	EndGlobalSection
	GlobalSection(ProjectConfigurationPlatforms) = postSolution
		{64FD117F-93BF-46CE-8040-73B3AF942798}.Debug|Any CPU.ActiveCfg = Debug|Any CPU
		{64FD117F-93BF-46CE-8040-73B3AF942798}.Debug|Any CPU.Build.0 = Debug|Any CPU
		{64FD117F-93BF-46CE-8040-73B3AF942798}.Release|Any CPU.ActiveCfg = Release|Any CPU
		{64FD117F-93BF-46CE-8040-73B3AF942798}.Release|Any CPU.Build.0 = Release|Any CPU
	EndGlobalSection
	GlobalSection(SolutionProperties) = preSolution
		HideSolutionNode = FALSE
	EndGlobalSection
	GlobalSection(ExtensibilityGlobals) = postSolution
		SolutionGuid = {636FE302-DDBE-4620-96CB-CB0F2409390E}
	EndGlobalSection
EndGlobal
